
Microsoft Visual Studio Solution File, Format Version 12.00
# Visual Studio Version 17
VisualStudioVersion = 17.13.35931.197 d17.13
MinimumVisualStudioVersion = 10.0.40219.1
Project("{FAE04EC0-301F-11D3-BF4B-00C04F79EFBC}") = "TESTBUILDFORPIPELINE", "TESTBUILDFORPIPELINE\TESTBUILDFORPIPELINE.csproj", "{BA8F4CD3-FDB3-4544-8D07-028B7F06F2DD}"
EndProject
Global
	GlobalSection(SolutionConfigurationPlatforms) = preSolution
		Debug|Any CPU = Debug|Any CPU
		Release|Any CPU = Release|Any CPU
	EndGlobalSection
	GlobalSection(ProjectConfigurationPlatforms) = postSolution
		{BA8F4CD3-FDB3-4544-8D07-028B7F06F2DD}.Debug|Any CPU.ActiveCfg = Debug|Any CPU
		{BA8F4CD3-FDB3-4544-8D07-028B7F06F2DD}.Debug|Any CPU.Build.0 = Debug|Any CPU
		{BA8F4CD3-FDB3-4544-8D07-028B7F06F2DD}.Release|Any CPU.ActiveCfg = Release|Any CPU
		{BA8F4CD3-FDB3-4544-8D07-028B7F06F2DD}.Release|Any CPU.Build.0 = Release|Any CPU
	EndGlobalSection
	GlobalSection(SolutionProperties) = preSolution
		HideSolutionNode = FALSE
	EndGlobalSection
	GlobalSection(ExtensibilityGlobals) = postSolution
		SolutionGuid = {10AD8859-39F0-468A-A37F-202EF3ABCA0B}
	EndGlobalSection
EndGlobal
